// !$*UTF8*$!
{
	archiveVersion = 1;
	classes = {
	};
	objectVersion = 56;
	objects = {

/* Begin PBXBuildFile section */
		AA0000000000000000000001 /* JieJuApp.swift in Sources */ = {isa = PBXBuildFile; fileRef = AA0000000000000000000011 /* JieJuApp.swift */; };
		AA0000000000000000000002 /* WelcomeView.swift in Sources */ = {isa = PBXBuildFile; fileRef = AA0000000000000000000012 /* WelcomeView.swift */; };
		AA0000000000000000000003 /* JieJuTests.swift in Sources */ = {isa = PBXBuildFile; fileRef = AA0000000000000000000013 /* JieJuTests.swift */; };
		AA0000000000000000000004 /* JieJuUITests.swift in Sources */ = {isa = PBXBuildFile; fileRef = AA0000000000000000000014 /* JieJuUITests.swift */; };
/* End PBXBuildFile section */

/* Begin PBXContainerItemProxy section */
		AA0000000000000000000021 /* PBXContainerItemProxy */ = {
			isa = PBXContainerItemProxy;
			containerPortal = AA0000000000000000000031 /* Project object */;
			proxyType = 1;
			remoteGlobalIDString = AA0000000000000000000041;
			remoteInfo = JieJu;
		};
		AA0000000000000000000022 /* PBXContainerItemProxy */ = {
			isa = PBXContainerItemProxy;
			containerPortal = AA0000000000000000000031 /* Project object */;
			proxyType = 1;
			remoteGlobalIDString = AA0000000000000000000041;
			remoteInfo = JieJu;
		};
/* End PBXContainerItemProxy section */

/* Begin PBXFileReference section */
		AA0000000000000000000011 /* JieJuApp.swift */ = {isa = PBXFileReference; lastKnownFileType = sourcecode.swift; path = JieJuApp.swift; sourceTree = "<group>"; };
		AA0000000000000000000012 /* WelcomeView.swift */ = {isa = PBXFileReference; lastKnownFileType = sourcecode.swift; path = WelcomeView.swift; sourceTree = "<group>"; };
		AA0000000000000000000013 /* JieJuTests.swift */ = {isa = PBXFileReference; lastKnownFileType = sourcecode.swift; path = JieJuTests.swift; sourceTree = "<group>"; };
		AA0000000000000000000014 /* JieJuUITests.swift */ = {isa = PBXFileReference; lastKnownFileType = sourcecode.swift; path = JieJuUITests.swift; sourceTree = "<group>"; };
		AA0000000000000000000015 /* JieJu.app */ = {isa = PBXFileReference; explicitFileType = wrapper.application; includeInIndex = 0; path = JieJu.app; sourceTree = BUILT_PRODUCTS_DIR; };
		AA0000000000000000000016 /* JieJuTests.xctest */ = {isa = PBXFileReference; explicitFileType = wrapper.cfbundle; includeInIndex = 0; path = JieJuTests.xctest; sourceTree = BUILT_PRODUCTS_DIR; };
		AA0000000000000000000017 /* JieJuUITests.xctest */ = {isa = PBXFileReference; explicitFileType = wrapper.cfbundle; includeInIndex = 0; path = JieJuUITests.xctest; sourceTree = BUILT_PRODUCTS_DIR; };
/* End PBXFileReference section */

/* Begin PBXFrameworksBuildPhase section */
		AA0000000000000000000051 /* Frameworks */ = {isa = PBXFrameworksBuildPhase; buildActionMask = 2147483647; files = (); runOnlyForDeploymentPostprocessing = 0; };
		AA0000000000000000000052 /* Frameworks */ = {isa = PBXFrameworksBuildPhase; buildActionMask = 2147483647; files = (); runOnlyForDeploymentPostprocessing = 0; };
		AA0000000000000000000053 /* Frameworks */ = {isa = PBXFrameworksBuildPhase; buildActionMask = 2147483647; files = (); runOnlyForDeploymentPostprocessing = 0; };
/* End PBXFrameworksBuildPhase section */

/* Begin PBXGroup section */
		AA0000000000000000000061 = {
			isa = PBXGroup;
			children = (
				AA0000000000000000000062 /* JieJu */,
				AA0000000000000000000066 /* JieJuTests */,
				AA0000000000000000000067 /* JieJuUITests */,
				AA0000000000000000000068 /* Products */,
			);
			sourceTree = "<group>";
		};
		AA0000000000000000000062 /* JieJu */ = {
			isa = PBXGroup;
			children = (
				AA0000000000000000000063 /* App */,
				AA0000000000000000000064 /* Features */,
			);
			path = JieJu;
			sourceTree = "<group>";
		};
		AA0000000000000000000063 /* App */ = {
			isa = PBXGroup;
			children = (AA0000000000000000000011 /* JieJuApp.swift */);
			path = App;
			sourceTree = "<group>";
		};
		AA0000000000000000000064 /* Features */ = {
			isa = PBXGroup;
			children = (AA0000000000000000000065 /* Welcome */);
			path = Features;
			sourceTree = "<group>";
		};
		AA0000000000000000000065 /* Welcome */ = {
			isa = PBXGroup;
			children = (AA0000000000000000000012 /* WelcomeView.swift */);
			path = Welcome;
			sourceTree = "<group>";
		};
		AA0000000000000000000066 /* JieJuTests */ = {
			isa = PBXGroup;
			children = (AA0000000000000000000013 /* JieJuTests.swift */);
			path = JieJuTests;
			sourceTree = "<group>";
		};
		AA0000000000000000000067 /* JieJuUITests */ = {
			isa = PBXGroup;
			children = (AA0000000000000000000014 /* JieJuUITests.swift */);
			path = JieJuUITests;
			sourceTree = "<group>";
		};
		AA0000000000000000000068 /* Products */ = {
			isa = PBXGroup;
			children = (
				AA0000000000000000000015 /* JieJu.app */,
				AA0000000000000000000016 /* JieJuTests.xctest */,
				AA0000000000000000000017 /* JieJuUITests.xctest */,
			);
			name = Products;
			sourceTree = "<group>";
		};
/* End PBXGroup section */

/* Begin PBXNativeTarget section */
		AA0000000000000000000041 /* JieJu */ = {
			isa = PBXNativeTarget;
			buildConfigurationList = AA0000000000000000000092 /* Build configuration list for PBXNativeTarget "JieJu" */;
			buildPhases = (AA0000000000000000000071 /* Sources */, AA0000000000000000000051 /* Frameworks */, AA0000000000000000000081 /* Resources */);
			buildRules = ();
			dependencies = ();
			name = JieJu;
			productName = JieJu;
			productReference = AA0000000000000000000015 /* JieJu.app */;
			productType = "com.apple.product-type.application";
		};
		AA0000000000000000000042 /* JieJuTests */ = {
			isa = PBXNativeTarget;
			buildConfigurationList = AA0000000000000000000093 /* Build configuration list for PBXNativeTarget "JieJuTests" */;
			buildPhases = (AA0000000000000000000072 /* Sources */, AA0000000000000000000052 /* Frameworks */, AA0000000000000000000082 /* Resources */);
			buildRules = ();
			dependencies = (AA0000000000000000000023 /* PBXTargetDependency */);
			name = JieJuTests;
			productName = JieJuTests;
			productReference = AA0000000000000000000016 /* JieJuTests.xctest */;
			productType = "com.apple.product-type.bundle.unit-test";
		};
		AA0000000000000000000043 /* JieJuUITests */ = {
			isa = PBXNativeTarget;
			buildConfigurationList = AA0000000000000000000094 /* Build configuration list for PBXNativeTarget "JieJuUITests" */;
			buildPhases = (AA0000000000000000000073 /* Sources */, AA0000000000000000000053 /* Frameworks */, AA0000000000000000000083 /* Resources */);
			buildRules = ();
			dependencies = (AA0000000000000000000024 /* PBXTargetDependency */);
			name = JieJuUITests;
			productName = JieJuUITests;
			productReference = AA0000000000000000000017 /* JieJuUITests.xctest */;
			productType = "com.apple.product-type.bundle.ui-testing";
		};
/* End PBXNativeTarget section */

/* Begin PBXProject section */
		AA0000000000000000000031 /* Project object */ = {
			isa = PBXProject;
			attributes = {
				BuildIndependentTargetsInParallel = 1;
				LastSwiftUpdateCheck = 2630;
				LastUpgradeCheck = 2630;
				TargetAttributes = {
					AA0000000000000000000041 = {CreatedOnToolsVersion = 26.3;};
					AA0000000000000000000042 = {CreatedOnToolsVersion = 26.3; TestTargetID = AA0000000000000000000041;};
					AA0000000000000000000043 = {CreatedOnToolsVersion = 26.3; TestTargetID = AA0000000000000000000041;};
				};
			};
			buildConfigurationList = AA0000000000000000000091 /* Build configuration list for PBXProject "JieJu" */;
			compatibilityVersion = "Xcode 14.0";
			developmentRegion = en;
			hasScannedForEncodings = 0;
			knownRegions = (en, Base);
			mainGroup = AA0000000000000000000061;
			productRefGroup = AA0000000000000000000068 /* Products */;
			projectDirPath = "";
			projectRoot = "";
			targets = (AA0000000000000000000041 /* JieJu */, AA0000000000000000000042 /* JieJuTests */, AA0000000000000000000043 /* JieJuUITests */);
		};
/* End PBXProject section */

/* Begin PBXResourcesBuildPhase section */
		AA0000000000000000000081 /* Resources */ = {isa = PBXResourcesBuildPhase; buildActionMask = 2147483647; files = (); runOnlyForDeploymentPostprocessing = 0; };
		AA0000000000000000000082 /* Resources */ = {isa = PBXResourcesBuildPhase; buildActionMask = 2147483647; files = (); runOnlyForDeploymentPostprocessing = 0; };
		AA0000000000000000000083 /* Resources */ = {isa = PBXResourcesBuildPhase; buildActionMask = 2147483647; files = (); runOnlyForDeploymentPostprocessing = 0; };
/* End PBXResourcesBuildPhase section */

/* Begin PBXSourcesBuildPhase section */
		AA0000000000000000000071 /* Sources */ = {isa = PBXSourcesBuildPhase; buildActionMask = 2147483647; files = (AA0000000000000000000001 /* JieJuApp.swift in Sources */, AA0000000000000000000002 /* WelcomeView.swift in Sources */); runOnlyForDeploymentPostprocessing = 0; };
		AA0000000000000000000072 /* Sources */ = {isa = PBXSourcesBuildPhase; buildActionMask = 2147483647; files = (AA0000000000000000000003 /* JieJuTests.swift in Sources */); runOnlyForDeploymentPostprocessing = 0; };
		AA0000000000000000000073 /* Sources */ = {isa = PBXSourcesBuildPhase; buildActionMask = 2147483647; files = (AA0000000000000000000004 /* JieJuUITests.swift in Sources */); runOnlyForDeploymentPostprocessing = 0; };
/* End PBXSourcesBuildPhase section */

/* Begin PBXTargetDependency section */
		AA0000000000000000000023 /* PBXTargetDependency */ = {isa = PBXTargetDependency; target = AA0000000000000000000041 /* JieJu */; targetProxy = AA0000000000000000000021 /* PBXContainerItemProxy */; };
		AA0000000000000000000024 /* PBXTargetDependency */ = {isa = PBXTargetDependency; target = AA0000000000000000000041 /* JieJu */; targetProxy = AA0000000000000000000022 /* PBXContainerItemProxy */; };
/* End PBXTargetDependency section */

/* Begin XCBuildConfiguration section */
		AA00000000000000000000A1 /* Debug */ = {isa = XCBuildConfiguration; buildSettings = {CLANG_ENABLE_MODULES = YES; ENABLE_TESTABILITY = YES; MACOSX_DEPLOYMENT_TARGET = 14.0; ONLY_ACTIVE_ARCH = YES; SDKROOT = macosx; SWIFT_OPTIMIZATION_LEVEL = "-Onone"; SWIFT_VERSION = 5.0;}; name = Debug; };
		AA00000000000000000000A2 /* Release */ = {isa = XCBuildConfiguration; buildSettings = {CLANG_ENABLE_MODULES = YES; MACOSX_DEPLOYMENT_TARGET = 14.0; SDKROOT = macosx; SWIFT_COMPILATION_MODE = wholemodule; SWIFT_VERSION = 5.0;}; name = Release; };
		AA00000000000000000000B1 /* Debug */ = {isa = XCBuildConfiguration; buildSettings = {CODE_SIGN_STYLE = Automatic; COMBINE_HIDPI_IMAGES = YES; CURRENT_PROJECT_VERSION = 1; ENABLE_HARDENED_RUNTIME = YES; GENERATE_INFOPLIST_FILE = YES; INFOPLIST_KEY_CFBundleDisplayName = JieJu; INFOPLIST_KEY_LSApplicationCategoryType = "public.app-category.education"; MARKETING_VERSION = 0.1.0; PRODUCT_BUNDLE_IDENTIFIER = com.jieju.reader; PRODUCT_NAME = "$(TARGET_NAME)"; SWIFT_EMIT_LOC_STRINGS = YES;}; name = Debug; };
		AA00000000000000000000B2 /* Release */ = {isa = XCBuildConfiguration; buildSettings = {CODE_SIGN_STYLE = Automatic; COMBINE_HIDPI_IMAGES = YES; CURRENT_PROJECT_VERSION = 1; ENABLE_HARDENED_RUNTIME = YES; GENERATE_INFOPLIST_FILE = YES; INFOPLIST_KEY_CFBundleDisplayName = JieJu; INFOPLIST_KEY_LSApplicationCategoryType = "public.app-category.education"; MARKETING_VERSION = 0.1.0; PRODUCT_BUNDLE_IDENTIFIER = com.jieju.reader; PRODUCT_NAME = "$(TARGET_NAME)"; SWIFT_EMIT_LOC_STRINGS = YES;}; name = Release; };
		AA00000000000000000000C1 /* Debug */ = {isa = XCBuildConfiguration; buildSettings = {BUNDLE_LOADER = "$(TEST_HOST)"; CODE_SIGN_STYLE = Automatic; GENERATE_INFOPLIST_FILE = YES; PRODUCT_BUNDLE_IDENTIFIER = com.jieju.reader.tests; PRODUCT_NAME = "$(TARGET_NAME)"; TEST_HOST = "$(BUILT_PRODUCTS_DIR)/JieJu.app/Contents/MacOS/JieJu";}; name = Debug; };
		AA00000000000000000000C2 /* Release */ = {isa = XCBuildConfiguration; buildSettings = {BUNDLE_LOADER = "$(TEST_HOST)"; CODE_SIGN_STYLE = Automatic; GENERATE_INFOPLIST_FILE = YES; PRODUCT_BUNDLE_IDENTIFIER = com.jieju.reader.tests; PRODUCT_NAME = "$(TARGET_NAME)"; TEST_HOST = "$(BUILT_PRODUCTS_DIR)/JieJu.app/Contents/MacOS/JieJu";}; name = Release; };
		AA00000000000000000000D1 /* Debug */ = {isa = XCBuildConfiguration; buildSettings = {CODE_SIGN_STYLE = Automatic; GENERATE_INFOPLIST_FILE = YES; PRODUCT_BUNDLE_IDENTIFIER = com.jieju.reader.uitests; PRODUCT_NAME = "$(TARGET_NAME)"; TEST_TARGET_NAME = JieJu;}; name = Debug; };
		AA00000000000000000000D2 /* Release */ = {isa = XCBuildConfiguration; buildSettings = {CODE_SIGN_STYLE = Automatic; GENERATE_INFOPLIST_FILE = YES; PRODUCT_BUNDLE_IDENTIFIER = com.jieju.reader.uitests; PRODUCT_NAME = "$(TARGET_NAME)"; TEST_TARGET_NAME = JieJu;}; name = Release; };
/* End XCBuildConfiguration section */

/* Begin XCConfigurationList section */
		AA0000000000000000000091 /* Build configuration list for PBXProject "JieJu" */ = {isa = XCConfigurationList; buildConfigurations = (AA00000000000000000000A1 /* Debug */, AA00000000000000000000A2 /* Release */); defaultConfigurationIsVisible = 0; defaultConfigurationName = Release; };
		AA0000000000000000000092 /* Build configuration list for PBXNativeTarget "JieJu" */ = {isa = XCConfigurationList; buildConfigurations = (AA00000000000000000000B1 /* Debug */, AA00000000000000000000B2 /* Release */); defaultConfigurationIsVisible = 0; defaultConfigurationName = Release; };
		AA0000000000000000000093 /* Build configuration list for PBXNativeTarget "JieJuTests" */ = {isa = XCConfigurationList; buildConfigurations = (AA00000000000000000000C1 /* Debug */, AA00000000000000000000C2 /* Release */); defaultConfigurationIsVisible = 0; defaultConfigurationName = Release; };
		AA0000000000000000000094 /* Build configuration list for PBXNativeTarget "JieJuUITests" */ = {isa = XCConfigurationList; buildConfigurations = (AA00000000000000000000D1 /* Debug */, AA00000000000000000000D2 /* Release */); defaultConfigurationIsVisible = 0; defaultConfigurationName = Release; };
/* End XCConfigurationList section */
	};
	rootObject = AA0000000000000000000031 /* Project object */;
}
