{
  "originHash" : "b0dc22cb5f2855f1812228e475a645476c11e84f9c1443c7e875365e0dc13e02",
  "pins" : [
    {
      "identity" : "mecab-swift",
      "kind" : "remoteSourceControl",
      "location" : "https://github.com/shinjukunian/Mecab-Swift.git",
      "state" : {
        "revision" : "1f096492e37fc05fc2e7304091f54889974c5368"
      }
    }
  ],
  "version" : 3
}
